// !$*UTF8*$!
{
	archiveVersion = 1;
	classes = {
	};
	objectVersion = 46;
	objects = {

/* Begin PBXBuildFile section */
		9CD37B44141BC6A90011CC2E /* Foundation.framework in Frameworks */ = {isa = PBXBuildFile; fileRef = 9CD37B43141BC6A90011CC2E /* Foundation.framework */; };
		9CD37B47141BC6A90011CC2E /* main.m in Sources */ = {isa = PBXBuildFile; fileRef = 9CD37B46141BC6A90011CC2E /* main.m */; };
/* End PBXBuildFile section */

/* Begin PBXCopyFilesBuildPhase section */
		9CD37B3D141BC6A90011CC2E /* CopyFiles */ = {
			isa = PBXCopyFilesBuildPhase;
			buildActionMask = 2147483647;
			dstPath = /usr/share/man/man1/;
			dstSubfolderSpec = 0;
			files = (
			);
			runOnlyForDeploymentPostprocessing = 1;
		};
/* End PBXCopyFilesBuildPhase section */

/* Begin PBXFileReference section */
		9CD37B3F141BC6A90011CC2E /* linked_lists */ = {isa = PBXFileReference; explicitFileType = "compiled.mach-o.executable"; includeInIndex = 0; path = linked_lists; sourceTree = BUILT_PRODUCTS_DIR; };
		9CD37B43141BC6A90011CC2E /* Foundation.framework */ = {isa = PBXFileReference; lastKnownFileType = wrapper.framework; name = Foundation.framework; path = System/Library/Frameworks/Foundation.framework; sourceTree = SDKROOT; };
		9CD37B46141BC6A90011CC2E /* main.m */ = {isa = PBXFileReference; lastKnownFileType = sourcecode.c.objc; path = main.m; sourceTree = "<group>"; };
		9CD37B49141BC6A90011CC2E /* linked_lists-Prefix.pch */ = {isa = PBXFileReference; lastKnownFileType = sourcecode.c.h; path = "linked_lists-Prefix.pch"; sourceTree = "<group>"; };
		9CD37B4A141BC6A90011CC2E /* linked_lists.1 */ = {isa = PBXFileReference; lastKnownFileType = text.man; path = linked_lists.1; sourceTree = "<group>"; };
/* End PBXFileReference section */

/* Begin PBXFrameworksBuildPhase section */
		9CD37B3C141BC6A90011CC2E /* Frameworks */ = {
			isa = PBXFrameworksBuildPhase;
			buildActionMask = 2147483647;
			files = (
				9CD37B44141BC6A90011CC2E /* Foundation.framework in Frameworks */,
			);
			runOnlyForDeploymentPostprocessing = 0;
		};
/* End PBXFrameworksBuildPhase section */

/* Begin PBXGroup section */
		9CD37B34141BC6A90011CC2E = {
			isa = PBXGroup;
			children = (
				9CD37B45141BC6A90011CC2E /* linked_lists */,
				9CD37B42141BC6A90011CC2E /* Frameworks */,
				9CD37B40141BC6A90011CC2E /* Products */,
			);
			sourceTree = "<group>";
		};
		9CD37B40141BC6A90011CC2E /* Products */ = {
			isa = PBXGroup;
			children = (
				9CD37B3F141BC6A90011CC2E /* linked_lists */,
			);
			name = Products;
			sourceTree = "<group>";
		};
		9CD37B42141BC6A90011CC2E /* Frameworks */ = {
			isa = PBXGroup;
			children = (
				9CD37B43141BC6A90011CC2E /* Foundation.framework */,
			);
			name = Frameworks;
			sourceTree = "<group>";
		};
		9CD37B45141BC6A90011CC2E /* linked_lists */ = {
			isa = PBXGroup;
			children = (
				9CD37B46141BC6A90011CC2E /* main.m */,
				9CD37B4A141BC6A90011CC2E /* linked_lists.1 */,
				9CD37B48141BC6A90011CC2E /* Supporting Files */,
			);
			path = linked_lists;
			sourceTree = "<group>";
		};
		9CD37B48141BC6A90011CC2E /* Supporting Files */ = {
			isa = PBXGroup;
			children = (
				9CD37B49141BC6A90011CC2E /* linked_lists-Prefix.pch */,
			);
			name = "Supporting Files";
			sourceTree = "<group>";
		};
/* End PBXGroup section */

/* Begin PBXNativeTarget section */
		9CD37B3E141BC6A90011CC2E /* linked_lists */ = {
			isa = PBXNativeTarget;
			buildConfigurationList = 9CD37B4D141BC6A90011CC2E /* Build configuration list for PBXNativeTarget "linked_lists" */;
			buildPhases = (
				9CD37B3B141BC6A90011CC2E /* Sources */,
				9CD37B3C141BC6A90011CC2E /* Frameworks */,
				9CD37B3D141BC6A90011CC2E /* CopyFiles */,
			);
			buildRules = (
			);
			dependencies = (
			);
			name = linked_lists;
			productName = linked_lists;
			productReference = 9CD37B3F141BC6A90011CC2E /* linked_lists */;
			productType = "com.apple.product-type.tool";
		};
/* End PBXNativeTarget section */

/* Begin PBXProject section */
		9CD37B36141BC6A90011CC2E /* Project object */ = {
			isa = PBXProject;
			attributes = {
				ORGANIZATIONNAME = "Convo Communications";
			};
			buildConfigurationList = 9CD37B39141BC6A90011CC2E /* Build configuration list for PBXProject "linked_lists" */;
			compatibilityVersion = "Xcode 3.2";
			developmentRegion = English;
			hasScannedForEncodings = 0;
			knownRegions = (
				en,
			);
			mainGroup = 9CD37B34141BC6A90011CC2E;
			productRefGroup = 9CD37B40141BC6A90011CC2E /* Products */;
			projectDirPath = "";
			projectRoot = "";
			targets = (
				9CD37B3E141BC6A90011CC2E /* linked_lists */,
			);
		};
/* End PBXProject section */

/* Begin PBXSourcesBuildPhase section */
		9CD37B3B141BC6A90011CC2E /* Sources */ = {
			isa = PBXSourcesBuildPhase;
			buildActionMask = 2147483647;
			files = (
				9CD37B47141BC6A90011CC2E /* main.m in Sources */,
			);
			runOnlyForDeploymentPostprocessing = 0;
		};
/* End PBXSourcesBuildPhase section */

/* Begin XCBuildConfiguration section */
		9CD37B4B141BC6A90011CC2E /* Debug */ = {
			isa = XCBuildConfiguration;
			buildSettings = {
				ARCHS = "$(ARCHS_STANDARD_32_64_BIT)";
				GCC_C_LANGUAGE_STANDARD = gnu99;
				GCC_OPTIMIZATION_LEVEL = 0;
				GCC_PREPROCESSOR_DEFINITIONS = DEBUG;
				GCC_SYMBOLS_PRIVATE_EXTERN = NO;
				GCC_VERSION = com.apple.compilers.llvm.clang.1_0;
				GCC_WARN_64_TO_32_BIT_CONVERSION = YES;
				GCC_WARN_ABOUT_RETURN_TYPE = YES;
				GCC_WARN_UNUSED_VARIABLE = YES;
				MACOSX_DEPLOYMENT_TARGET = 10.6;
				ONLY_ACTIVE_ARCH = YES;
				SDKROOT = macosx;
			};
			name = Debug;
		};
		9CD37B4C141BC6A90011CC2E /* Release */ = {
			isa = XCBuildConfiguration;
			buildSettings = {
				ARCHS = "$(ARCHS_STANDARD_32_64_BIT)";
				GCC_C_LANGUAGE_STANDARD = gnu99;
				GCC_VERSION = com.apple.compilers.llvm.clang.1_0;
				GCC_WARN_64_TO_32_BIT_CONVERSION = YES;
				GCC_WARN_ABOUT_RETURN_TYPE = YES;
				GCC_WARN_UNUSED_VARIABLE = YES;
				MACOSX_DEPLOYMENT_TARGET = 10.6;
				SDKROOT = macosx;
			};
			name = Release;
		};
		9CD37B4E141BC6A90011CC2E /* Debug */ = {
			isa = XCBuildConfiguration;
			buildSettings = {
				ALWAYS_SEARCH_USER_PATHS = NO;
				COPY_PHASE_STRIP = NO;
				GCC_DYNAMIC_NO_PIC = NO;
				GCC_ENABLE_OBJC_EXCEPTIONS = YES;
				GCC_PRECOMPILE_PREFIX_HEADER = YES;
				GCC_PREFIX_HEADER = "linked_lists/linked_lists-Prefix.pch";
				PRODUCT_NAME = "$(TARGET_NAME)";
			};
			name = Debug;
		};
		9CD37B4F141BC6A90011CC2E /* Release */ = {
			isa = XCBuildConfiguration;
			buildSettings = {
				ALWAYS_SEARCH_USER_PATHS = NO;
				COPY_PHASE_STRIP = YES;
				DEBUG_INFORMATION_FORMAT = "dwarf-with-dsym";
				GCC_ENABLE_OBJC_EXCEPTIONS = YES;
				GCC_PRECOMPILE_PREFIX_HEADER = YES;
				GCC_PREFIX_HEADER = "linked_lists/linked_lists-Prefix.pch";
				PRODUCT_NAME = "$(TARGET_NAME)";
			};
			name = Release;
		};
/* End XCBuildConfiguration section */

/* Begin XCConfigurationList section */
		9CD37B39141BC6A90011CC2E /* Build configuration list for PBXProject "linked_lists" */ = {
			isa = XCConfigurationList;
			buildConfigurations = (
				9CD37B4B141BC6A90011CC2E /* Debug */,
				9CD37B4C141BC6A90011CC2E /* Release */,
			);
			defaultConfigurationIsVisible = 0;
			defaultConfigurationName = Release;
		};
		9CD37B4D141BC6A90011CC2E /* Build configuration list for PBXNativeTarget "linked_lists" */ = {
			isa = XCConfigurationList;
			buildConfigurations = (
				9CD37B4E141BC6A90011CC2E /* Debug */,
				9CD37B4F141BC6A90011CC2E /* Release */,
			);
			defaultConfigurationIsVisible = 0;
		};
/* End XCConfigurationList section */
	};
	rootObject = 9CD37B36141BC6A90011CC2E /* Project object */;
}
